// !$*UTF8*$!
{
	archiveVersion = 1;
	classes = {
	};
	objectVersion = 48;
	objects = {

/* Begin PBXBuildFile section */
		92DD00EF20B5E5BD0001BF15 /* AppDelegate.swift in Sources */ = {isa = PBXBuildFile; fileRef = 92DD00EE20B5E5BD0001BF15 /* AppDelegate.swift */; };
		92DD00F120B5E5BD0001BF15 /* ViewController.swift in Sources */ = {isa = PBXBuildFile; fileRef = 92DD00F020B5E5BD0001BF15 /* ViewController.swift */; };
		92DD00F420B5E5BD0001BF15 /* Main.storyboard in Resources */ = {isa = PBXBuildFile; fileRef = 92DD00F220B5E5BD0001BF15 /* Main.storyboard */; };
		92DD00F620B5E5BD0001BF15 /* Assets.xcassets in Resources */ = {isa = PBXBuildFile; fileRef = 92DD00F520B5E5BD0001BF15 /* Assets.xcassets */; };
		92DD00F920B5E5BD0001BF15 /* LaunchScreen.storyboard in Resources */ = {isa = PBXBuildFile; fileRef = 92DD00F720B5E5BD0001BF15 /* LaunchScreen.storyboard */; };
/* End PBXBuildFile section */

/* Begin PBXFileReference section */
		92DD00EB20B5E5BD0001BF15 /* SimpleWebBrowser.app */ = {isa = PBXFileReference; explicitFileType = wrapper.application; includeInIndex = 0; path = SimpleWebBrowser.app; sourceTree = BUILT_PRODUCTS_DIR; };
		92DD00EE20B5E5BD0001BF15 /* AppDelegate.swift */ = {isa = PBXFileReference; lastKnownFileType = sourcecode.swift; path = AppDelegate.swift; sourceTree = "<group>"; };
		92DD00F020B5E5BD0001BF15 /* ViewController.swift */ = {isa = PBXFileReference; lastKnownFileType = sourcecode.swift; path = ViewController.swift; sourceTree = "<group>"; };
		92DD00F320B5E5BD0001BF15 /* Base */ = {isa = PBXFileReference; lastKnownFileType = file.storyboard; name = Base; path = Base.lproj/Main.storyboard; sourceTree = "<group>"; };
		92DD00F520B5E5BD0001BF15 /* Assets.xcassets */ = {isa = PBXFileReference; lastKnownFileType = folder.assetcatalog; path = Assets.xcassets; sourceTree = "<group>"; };
		92DD00F820B5E5BD0001BF15 /* Base */ = {isa = PBXFileReference; lastKnownFileType = file.storyboard; name = Base; path = Base.lproj/LaunchScreen.storyboard; sourceTree = "<group>"; };
		92DD00FA20B5E5BD0001BF15 /* Info.plist */ = {isa = PBXFileReference; lastKnownFileType = text.plist.xml; path = Info.plist; sourceTree = "<group>"; };
/* End PBXFileReference section */

/* Begin PBXFrameworksBuildPhase section */
		92DD00E820B5E5BD0001BF15 /* Frameworks */ = {
			isa = PBXFrameworksBuildPhase;
			buildActionMask = 2147483647;
			files = (
			);
			runOnlyForDeploymentPostprocessing = 0;
		};
/* End PBXFrameworksBuildPhase section */

/* Begin PBXGroup section */
		92DD00E220B5E5BD0001BF15 = {
			isa = PBXGroup;
			children = (
				92DD00ED20B5E5BD0001BF15 /* SimpleWebBrowser */,
				92DD00EC20B5E5BD0001BF15 /* Products */,
			);
			sourceTree = "<group>";
		};
		92DD00EC20B5E5BD0001BF15 /* Products */ = {
			isa = PBXGroup;
			children = (
				92DD00EB20B5E5BD0001BF15 /* SimpleWebBrowser.app */,
			);
			name = Products;
			sourceTree = "<group>";
		};
		92DD00ED20B5E5BD0001BF15 /* SimpleWebBrowser */ = {
			isa = PBXGroup;
			children = (
				92DD00EE20B5E5BD0001BF15 /* AppDelegate.swift */,
				92DD00F020B5E5BD0001BF15 /* ViewController.swift */,
				92DD00F220B5E5BD0001BF15 /* Main.storyboard */,
				92DD00F520B5E5BD0001BF15 /* Assets.xcassets */,
				92DD00F720B5E5BD0001BF15 /* LaunchScreen.storyboard */,
				92DD00FA20B5E5BD0001BF15 /* Info.plist */,
			);
			path = SimpleWebBrowser;
			sourceTree = "<group>";
		};
/* End PBXGroup section */

/* Begin PBXNativeTarget section */
		92DD00EA20B5E5BD0001BF15 /* SimpleWebBrowser */ = {
			isa = PBXNativeTarget;
			buildConfigurationList = 92DD00FD20B5E5BD0001BF15 /* Build configuration list for PBXNativeTarget "SimpleWebBrowser" */;
			buildPhases = (
				92DD00E720B5E5BD0001BF15 /* Sources */,
				92DD00E820B5E5BD0001BF15 /* Frameworks */,
				92DD00E920B5E5BD0001BF15 /* Resources */,
			);
			buildRules = (
			);
			dependencies = (
			);
			name = SimpleWebBrowser;
			productName = SimpleWebBrowser;
			productReference = 92DD00EB20B5E5BD0001BF15 /* SimpleWebBrowser.app */;
			productType = "com.apple.product-type.application";
		};
/* End PBXNativeTarget section */

/* Begin PBXProject section */
		92DD00E320B5E5BD0001BF15 /* Project object */ = {
			isa = PBXProject;
			attributes = {
				LastSwiftUpdateCheck = 0900;
				LastUpgradeCheck = 0900;
				ORGANIZATIONNAME = Shaikat;
				TargetAttributes = {
					92DD00EA20B5E5BD0001BF15 = {
						CreatedOnToolsVersion = 9.0;
						ProvisioningStyle = Automatic;
					};
				};
			};
			buildConfigurationList = 92DD00E620B5E5BD0001BF15 /* Build configuration list for PBXProject "SimpleWebBrowser" */;
			compatibilityVersion = "Xcode 8.0";
			developmentRegion = en;
			hasScannedForEncodings = 0;
			knownRegions = (
				en,
				Base,
			);
			mainGroup = 92DD00E220B5E5BD0001BF15;
			productRefGroup = 92DD00EC20B5E5BD0001BF15 /* Products */;
			projectDirPath = "";
			projectRoot = "";
			targets = (
				92DD00EA20B5E5BD0001BF15 /* SimpleWebBrowser */,
			);
		};
/* End PBXProject section */

/* Begin PBXResourcesBuildPhase section */
		92DD00E920B5E5BD0001BF15 /* Resources */ = {
			isa = PBXResourcesBuildPhase;
			buildActionMask = 2147483647;
			files = (
				92DD00F920B5E5BD0001BF15 /* LaunchScreen.storyboard in Resources */,
				92DD00F620B5E5BD0001BF15 /* Assets.xcassets in Resources */,
				92DD00F420B5E5BD0001BF15 /* Main.storyboard in Resources */,
			);
			runOnlyForDeploymentPostprocessing = 0;
		};
/* End PBXResourcesBuildPhase section */

/* Begin PBXSourcesBuildPhase section */
		92DD00E720B5E5BD0001BF15 /* Sources */ = {
			isa = PBXSourcesBuildPhase;
			buildActionMask = 2147483647;
			files = (
				92DD00F120B5E5BD0001BF15 /* ViewController.swift in Sources */,
				92DD00EF20B5E5BD0001BF15 /* AppDelegate.swift in Sources */,
			);
			runOnlyForDeploymentPostprocessing = 0;
		};
/* End PBXSourcesBuildPhase section */

/* Begin PBXVariantGroup section */
		92DD00F220B5E5BD0001BF15 /* Main.storyboard */ = {
			isa = PBXVariantGroup;
			children = (
				92DD00F320B5E5BD0001BF15 /* Base */,
			);
			name = Main.storyboard;
			sourceTree = "<group>";
		};
		92DD00F720B5E5BD0001BF15 /* LaunchScreen.storyboard */ = {
			isa = PBXVariantGroup;
			children = (
				92DD00F820B5E5BD0001BF15 /* Base */,
			);
			name = LaunchScreen.storyboard;
			sourceTree = "<group>";
		};
/* End PBXVariantGroup section */

/* Begin XCBuildConfiguration section */
		92DD00FB20B5E5BD0001BF15 /* Debug */ = {
			isa = XCBuildConfiguration;
			buildSettings = {
				ALWAYS_SEARCH_USER_PATHS = NO;
				CLANG_ANALYZER_NONNULL = YES;
				CLANG_ANALYZER_NUMBER_OBJECT_CONVERSION = YES_AGGRESSIVE;
				CLANG_CXX_LANGUAGE_STANDARD = "gnu++14";
				CLANG_CXX_LIBRARY = "libc++";
				CLANG_ENABLE_MODULES = YES;
				CLANG_ENABLE_OBJC_ARC = YES;
				CLANG_WARN_BLOCK_CAPTURE_AUTORELEASING = YES;
				CLANG_WARN_BOOL_CONVERSION = YES;
				CLANG_WARN_COMMA = YES;
				CLANG_WARN_CONSTANT_CONVERSION = YES;
				CLANG_WARN_DIRECT_OBJC_ISA_USAGE = YES_ERROR;
				CLANG_WARN_DOCUMENTATION_COMMENTS = YES;
				CLANG_WARN_EMPTY_BODY = YES;
				CLANG_WARN_ENUM_CONVERSION = YES;
				CLANG_WARN_INFINITE_RECURSION = YES;
				CLANG_WARN_INT_CONVERSION = YES;
				CLANG_WARN_NON_LITERAL_NULL_CONVERSION = YES;
				CLANG_WARN_OBJC_LITERAL_CONVERSION = YES;
				CLANG_WARN_OBJC_ROOT_CLASS = YES_ERROR;
				CLANG_WARN_RANGE_LOOP_ANALYSIS = YES;
				CLANG_WARN_STRICT_PROTOTYPES = YES;
				CLANG_WARN_SUSPICIOUS_MOVE = YES;
				CLANG_WARN_UNGUARDED_AVAILABILITY = YES_AGGRESSIVE;
				CLANG_WARN_UNREACHABLE_CODE = YES;
				CLANG_WARN__DUPLICATE_METHOD_MATCH = YES;
				CODE_SIGN_IDENTITY = "iPhone Developer";
				COPY_PHASE_STRIP = NO;
				DEBUG_INFORMATION_FORMAT = dwarf;
				ENABLE_STRICT_OBJC_MSGSEND = YES;
				ENABLE_TESTABILITY = YES;
				GCC_C_LANGUAGE_STANDARD = gnu11;
				GCC_DYNAMIC_NO_PIC = NO;
				GCC_NO_COMMON_BLOCKS = YES;
				GCC_OPTIMIZATION_LEVEL = 0;
				GCC_PREPROCESSOR_DEFINITIONS = (
					"DEBUG=1",
					"$(inherited)",
				);
				GCC_WARN_64_TO_32_BIT_CONVERSION = YES;
				GCC_WARN_ABOUT_RETURN_TYPE = YES_ERROR;
				GCC_WARN_UNDECLARED_SELECTOR = YES;
				GCC_WARN_UNINITIALIZED_AUTOS = YES_AGGRESSIVE;
				GCC_WARN_UNUSED_FUNCTION = YES;
				GCC_WARN_UNUSED_VARIABLE = YES;
				IPHONEOS_DEPLOYMENT_TARGET = 11.0;
				MTL_ENABLE_DEBUG_INFO = YES;
				ONLY_ACTIVE_ARCH = YES;
				SDKROOT = iphoneos;
				SWIFT_ACTIVE_COMPILATION_CONDITIONS = DEBUG;
				SWIFT_OPTIMIZATION_LEVEL = "-Onone";
			};
			name = Debug;
		};
		92DD00FC20B5E5BD0001BF15 /* Release */ = {
			isa = XCBuildConfiguration;
			buildSettings = {
				ALWAYS_SEARCH_USER_PATHS = NO;
				CLANG_ANALYZER_NONNULL = YES;
				CLANG_ANALYZER_NUMBER_OBJECT_CONVERSION = YES_AGGRESSIVE;
				CLANG_CXX_LANGUAGE_STANDARD = "gnu++14";
				CLANG_CXX_LIBRARY = "libc++";
				CLANG_ENABLE_MODULES = YES;
				CLANG_ENABLE_OBJC_ARC = YES;
				CLANG_WARN_BLOCK_CAPTURE_AUTORELEASING = YES;
				CLANG_WARN_BOOL_CONVERSION = YES;
				CLANG_WARN_COMMA = YES;
				CLANG_WARN_CONSTANT_CONVERSION = YES;
				CLANG_WARN_DIRECT_OBJC_ISA_USAGE = YES_ERROR;
				CLANG_WARN_DOCUMENTATION_COMMENTS = YES;
				CLANG_WARN_EMPTY_BODY = YES;
				CLANG_WARN_ENUM_CONVERSION = YES;
				CLANG_WARN_INFINITE_RECURSION = YES;
				CLANG_WARN_INT_CONVERSION = YES;
				CLANG_WARN_NON_LITERAL_NULL_CONVERSION = YES;
				CLANG_WARN_OBJC_LITERAL_CONVERSION = YES;
				CLANG_WARN_OBJC_ROOT_CLASS = YES_ERROR;
				CLANG_WARN_RANGE_LOOP_ANALYSIS = YES;
				CLANG_WARN_STRICT_PROTOTYPES = YES;
				CLANG_WARN_SUSPICIOUS_MOVE = YES;
				CLANG_WARN_UNGUARDED_AVAILABILITY = YES_AGGRESSIVE;
				CLANG_WARN_UNREACHABLE_CODE = YES;
				CLANG_WARN__DUPLICATE_METHOD_MATCH = YES;
				CODE_SIGN_IDENTITY = "iPhone Developer";
				COPY_PHASE_STRIP = NO;
				DEBUG_INFORMATION_FORMAT = "dwarf-with-dsym";
				ENABLE_NS_ASSERTIONS = NO;
				ENABLE_STRICT_OBJC_MSGSEND = YES;
				GCC_C_LANGUAGE_STANDARD = gnu11;
				GCC_NO_COMMON_BLOCKS = YES;
				GCC_WARN_64_TO_32_BIT_CONVERSION = YES;
				GCC_WARN_ABOUT_RETURN_TYPE = YES_ERROR;
				GCC_WARN_UNDECLARED_SELECTOR = YES;
				GCC_WARN_UNINITIALIZED_AUTOS = YES_AGGRESSIVE;
				GCC_WARN_UNUSED_FUNCTION = YES;
				GCC_WARN_UNUSED_VARIABLE = YES;
				IPHONEOS_DEPLOYMENT_TARGET = 11.0;
				MTL_ENABLE_DEBUG_INFO = NO;
				SDKROOT = iphoneos;
				SWIFT_OPTIMIZATION_LEVEL = "-Owholemodule";
				VALIDATE_PRODUCT = YES;
			};
			name = Release;
		};
		92DD00FE20B5E5BD0001BF15 /* Debug */ = {
			isa = XCBuildConfiguration;
			buildSettings = {
				ASSETCATALOG_COMPILER_APPICON_NAME = AppIcon;
				CODE_SIGN_STYLE = Automatic;
				INFOPLIST_FILE = SimpleWebBrowser/Info.plist;
				LD_RUNPATH_SEARCH_PATHS = "$(inherited) @executable_path/Frameworks";
				PRODUCT_BUNDLE_IDENTIFIER = com.firstApp.shaikat.SimpleWebBrowser;
				PRODUCT_NAME = "$(TARGET_NAME)";
				SWIFT_VERSION = 4.0;
				TARGETED_DEVICE_FAMILY = "1,2";
			};
			name = Debug;
		};
		92DD00FF20B5E5BD0001BF15 /* Release */ = {
			isa = XCBuildConfiguration;
			buildSettings = {
				ASSETCATALOG_COMPILER_APPICON_NAME = AppIcon;
				CODE_SIGN_STYLE = Automatic;
				INFOPLIST_FILE = SimpleWebBrowser/Info.plist;
				LD_RUNPATH_SEARCH_PATHS = "$(inherited) @executable_path/Frameworks";
				PRODUCT_BUNDLE_IDENTIFIER = com.firstApp.shaikat.SimpleWebBrowser;
				PRODUCT_NAME = "$(TARGET_NAME)";
				SWIFT_VERSION = 4.0;
				TARGETED_DEVICE_FAMILY = "1,2";
			};
			name = Release;
		};
/* End XCBuildConfiguration section */

/* Begin XCConfigurationList section */
		92DD00E620B5E5BD0001BF15 /* Build configuration list for PBXProject "SimpleWebBrowser" */ = {
			isa = XCConfigurationList;
			buildConfigurations = (
				92DD00FB20B5E5BD0001BF15 /* Debug */,
				92DD00FC20B5E5BD0001BF15 /* Release */,
			);
			defaultConfigurationIsVisible = 0;
			defaultConfigurationName = Release;
		};
		92DD00FD20B5E5BD0001BF15 /* Build configuration list for PBXNativeTarget "SimpleWebBrowser" */ = {
			isa = XCConfigurationList;
			buildConfigurations = (
				92DD00FE20B5E5BD0001BF15 /* Debug */,
				92DD00FF20B5E5BD0001BF15 /* Release */,
			);
			defaultConfigurationIsVisible = 0;
			defaultConfigurationName = Release;
		};
/* End XCConfigurationList section */
	};
	rootObject = 92DD00E320B5E5BD0001BF15 /* Project object */;
}
